{
    "_meta": {
        "hash": {
            "sha256": "cebc039e6f459aaec28838f356807116b313eae4d00902447f5972ab072cd215"
        },
        "pipfile-spec": 6,
        "requires": {
            "python_version": "3.7"
        },
        "sources": [
            {
                "name": "pypi",
                "url": "https://pypi.org/simple",
                "verify_ssl": true
            }
        ]
    },
    "default": {
        "imageio": {
            "hashes": [
                "sha256:1a2bbbb7cd38161340fa3b14d806dfbf914abf3ee6fd4592af2afb87d049f209",
                "sha256:42e65aadfc3d57a1043615c92bdf6319b67589e49a0aae2b985b82144aceacad"
            ],
            "version": "==2.5.0"
        },
        "imageio-ffmpeg": {
            "hashes": [
                "sha256:28500544acdebc195159d53a4670b76d596f368b218317bad5d3cbf43b00d6c2",
                "sha256:400345dd194f2cb2b424294aa0f3c90afce1de96879ffe3266afeece3494d93c",
                "sha256:991416c0eed0d221229e67342b8264a8b9defdec61d8a9e7688b90dbb838fb1e",
                "sha256:f3d4096bf6e211540c4f6b9628c56d8e700cf12027ed842724173ab9c6666d1a",
                "sha256:f99476aa42aac2ca0657483b417874a825b2f526aaa8a7a823b8a803f366caab"
            ],
            "index": "pypi",
            "version": "==0.3.0"
        },
        "llvmlite": {
            "hashes": [
                "sha256:1948dbefe77862c48dacb1f7a131ff1077fa0cc0afadd312d25d80fe6fc920ef",
                "sha256:1f2424dfbc1f459aab3ed0a855b8ee1e88695cf6824343a116eb21cb6dc35ca1",
                "sha256:2b74a3edf542004edcf9cdb47e05ea481b33e01f633ce45ea0c68124ebf50647",
                "sha256:3adb0d4c9a17ad3dca82c7e88118babd61eeee0ee985ce31fa43ec27aa98c963",
                "sha256:52886658699f70de42ec6aeba6982a1fc8fa05a69ef10b8094eaa54e883d749e",
                "sha256:61e3f5e9a6fad63af1cb7f7d414dc4da260d315885fdc6cc252641fc911f9dec",
                "sha256:6af0f4eaa07ac1565ecb5bc64fee8b047763cca61520e23c8ab13316058c0f06",
                "sha256:8b24b13849b56cf94b9f3fcc1b7c54a89745589da23d800ace4675242266506e",
                "sha256:9b4bebf5ea91a389798fe3b84436f03e014553fc156389bf810be7c7479f71d6",
                "sha256:9c75225903928fcef35fdda9bfb80460f90f12c442cb85bf524f91d9874fb17d",
                "sha256:9c9cb21527cff7e7e7ab17f13c335cf66fe2c219309fd6693aab6c0edaf422d0",
                "sha256:a1090704f44a2f2b1b6f69ec0bcf9c7179d16917b2ab9799af9e70130420c35d",
                "sha256:b51863eb1dc5397070e37124665dd472770d685cfff24546bacf3a779a5a8c32",
                "sha256:bd68e01f1444e38983a364ad1810bdaf3eb59ca1fe8aff4a33cc17a90cb9fcdb",
                "sha256:c4e02a7496f43306d359edf22770014b650291978f5ad2a7a172e187ee3fd1e3",
                "sha256:c8f3012179f2352badaf91c9d148814f0dcefb06951b313087585f5ff80b40a7",
                "sha256:c8f7099f31e3ba8257777d179e0186a80ec7a810ae4500da8aa6254017adc7bf",
                "sha256:dc8ac5f3b65cc7b50f4b777afb71b4e2896ecbbaf07657a6fc789098603e38e7",
                "sha256:f0f93e0e0644dfb635f258d48971827236c3a235811f179465a16040b8f21228",
                "sha256:f5d957dcb16756a795216515ade71433160f7485767ae14bdc429d5c9c40d624",
                "sha256:fe2aef8ad7a9f8306802a4b826b192de63dcf5a980343966773698c37cf90da6"
            ],
            "version": "==0.29.0"
        },
        "numba": {
            "hashes": [
                "sha256:01db8615724004abf6217825b774ff06be19939600f82657634cfe4a57394012",
                "sha256:02b71c417b1e6ef28902cc978f3727cd6d8aeb7ce7cef5c8a6799c1f032ebc75",
                "sha256:0331ee6a4cbeece6b22fe71068cbf2ca450b82ab2397124c26728f5c30c779aa",
                "sha256:1cc784f6231e202d762020ca3e4a9daa011a860acda9c69fee6cccb2ab587666",
                "sha256:372acfc202ed279d51698390d2c59a3e5ed4e03c04500a90c0847d04a09ddf83",
                "sha256:41f7e7e7199cb3985392ab968e3f97f41941fe26e7fef7756664a142ddcc8df4",
                "sha256:56421bfc62f3c7c996ff11d5db7fc410909564e41b55379a82b9188fa4aa22f9",
                "sha256:6b8be1d8c9b69d3fede48deabda17db10ccc68367c7ba141f15303ac7d9204e5",
                "sha256:878e772687ed90b01aa00013cd477d2a73697d330f4c59e7598c08e6c96ae6fc",
                "sha256:88d446fa366911519bc6d4844d551f65d8dd76a435fcf0753e6b7f7e43adb12a",
                "sha256:93562a54d53677df80773d7a3722ea9d6d4d7ff5eba5c193caab6b72dc67bf0e",
                "sha256:9c5e662a5c9a51e01cd43bed242da3a8d17b3177d8e12ac3ef68257514964804",
                "sha256:a42cff977d15bf927f1b9525250a316d811ebe9988b725971242e2b5d8af9254",
                "sha256:b23e07f24403727d4688a95fb05b837c034e8b480e21caa3026afcf9e9e19ab8",
                "sha256:be62a7dfa45dba7d677b0a6554a5445e2edf6548ebbd66913855e700338ca5dd",
                "sha256:c8cc6b7b3b7ac77f66fb6cb0a474e9673e80218f8a38b2905a6ed26bba30d293",
                "sha256:d4564df0b38e0750e6dc6b5326d60c75cb16a9c0ddb2275fc7c7f03e1f691863",
                "sha256:eb3c980093fa2300ea1fab6242bfb3fdcdceb07c55d3be4814c24488d294d3f5",
                "sha256:f417f64d5c97fc929b9db440c616247d7a27bf7893177b47235851c9b3fbe3ea",
                "sha256:f8dfd14da94f4df64be8959aa9a9f804f4836fd5fe106272157c68b53367bcf8",
                "sha256:fbcaad20d1083d814fe3cb19c95f577b629016e1589b944657a7fa72c0e91a8a"
            ],
            "version": "==0.44.0"
        },
        "numpy": {
            "hashes": [
                "sha256:0778076e764e146d3078b17c24c4d89e0ecd4ac5401beff8e1c87879043a0633",
                "sha256:141c7102f20abe6cf0d54c4ced8d565b86df4d3077ba2343b61a6db996cefec7",
                "sha256:14270a1ee8917d11e7753fb54fc7ffd1934f4d529235beec0b275e2ccf00333b",
                "sha256:27e11c7a8ec9d5838bc59f809bfa86efc8a4fd02e58960fa9c49d998e14332d5",
                "sha256:2a04dda79606f3d2f760384c38ccd3d5b9bb79d4c8126b67aff5eb09a253763e",
                "sha256:3c26010c1b51e1224a3ca6b8df807de6e95128b0908c7e34f190e7775455b0ca",
                "sha256:52c40f1a4262c896420c6ea1c6fda62cf67070e3947e3307f5562bd783a90336",
                "sha256:6e4f8d9e8aa79321657079b9ac03f3cf3fd067bf31c1cca4f56d49543f4356a5",
                "sha256:7242be12a58fec245ee9734e625964b97cf7e3f2f7d016603f9e56660ce479c7",
                "sha256:7dc253b542bfd4b4eb88d9dbae4ca079e7bf2e2afd819ee18891a43db66c60c7",
                "sha256:94f5bd885f67bbb25c82d80184abbf7ce4f6c3c3a41fbaa4182f034bba803e69",
                "sha256:a89e188daa119ffa0d03ce5123dee3f8ffd5115c896c2a9d4f0dbb3d8b95bfa3",
                "sha256:ad3399da9b0ca36e2f24de72f67ab2854a62e623274607e37e0ce5f5d5fa9166",
                "sha256:b0348be89275fd1d4c44ffa39530c41a21062f52299b1e3ee7d1c61f060044b8",
                "sha256:b5554368e4ede1856121b0dfa35ce71768102e4aa55e526cb8de7f374ff78722",
                "sha256:cbddc56b2502d3f87fda4f98d948eb5b11f36ff3902e17cb6cc44727f2200525",
                "sha256:d79f18f41751725c56eceab2a886f021d70fd70a6188fd386e29a045945ffc10",
                "sha256:dc2ca26a19ab32dc475dbad9dfe723d3a64c835f4c23f625c2b6566ca32b9f29",
                "sha256:dd9bcd4f294eb0633bb33d1a74febdd2b9018b8b8ed325f861fffcd2c7660bb8",
                "sha256:e8baab1bc7c9152715844f1faca6744f2416929de10d7639ed49555a85549f52",
                "sha256:ec31fe12668af687b99acf1567399632a7c47b0e17cfb9ae47c098644ef36797",
                "sha256:f12b4f7e2d8f9da3141564e6737d79016fe5336cc92de6814eba579744f65b0a",
                "sha256:f58ac38d5ca045a377b3b377c84df8175ab992c970a53332fa8ac2373df44ff7"
            ],
            "version": "==1.16.4"
        },
        "pillow": {
            "hashes": [
                "sha256:15c056bfa284c30a7f265a41ac4cbbc93bdbfc0dfe0613b9cb8a8581b51a9e55",
                "sha256:1a4e06ba4f74494ea0c58c24de2bb752818e9d504474ec95b0aa94f6b0a7e479",
                "sha256:1c3c707c76be43c9e99cb7e3d5f1bee1c8e5be8b8a2a5eeee665efbf8ddde91a",
                "sha256:1fd0b290203e3b0882d9605d807b03c0f47e3440f97824586c173eca0aadd99d",
                "sha256:24114e4a6e1870c5a24b1da8f60d0ba77a0b4027907860188ea82bd3508c80eb",
                "sha256:258d886a49b6b058cd7abb0ab4b2b85ce78669a857398e83e8b8e28b317b5abb",
                "sha256:33c79b6dd6bc7f65079ab9ca5bebffb5f5d1141c689c9c6a7855776d1b09b7e8",
                "sha256:367385fc797b2c31564c427430c7a8630db1a00bd040555dfc1d5c52e39fcd72",
                "sha256:3c1884ff078fb8bf5f63d7d86921838b82ed4a7d0c027add773c2f38b3168754",
                "sha256:44e5240e8f4f8861d748f2a58b3f04daadab5e22bfec896bf5434745f788f33f",
                "sha256:46aa988e15f3ea72dddd81afe3839437b755fffddb5e173886f11460be909dce",
                "sha256:74d90d499c9c736d52dd6d9b7221af5665b9c04f1767e35f5dd8694324bd4601",
                "sha256:809c0a2ce9032cbcd7b5313f71af4bdc5c8c771cb86eb7559afd954cab82ebb5",
                "sha256:85d1ef2cdafd5507c4221d201aaf62fc9276f8b0f71bd3933363e62a33abc734",
                "sha256:8c3889c7681af77ecfa4431cd42a2885d093ecb811e81fbe5e203abc07e0995b",
                "sha256:9218d81b9fca98d2c47d35d688a0cea0c42fd473159dfd5612dcb0483c63e40b",
                "sha256:9aa4f3827992288edd37c9df345783a69ef58bd20cc02e64b36e44bcd157bbf1",
                "sha256:9d80f44137a70b6f84c750d11019a3419f409c944526a95219bea0ac31f4dd91",
                "sha256:b7ebd36128a2fe93991293f997e44be9286503c7530ace6a55b938b20be288d8",
                "sha256:c4c78e2c71c257c136cdd43869fd3d5e34fc2162dc22e4a5406b0ebe86958239",
                "sha256:c6a842537f887be1fe115d8abb5daa9bc8cc124e455ff995830cc785624a97af",
                "sha256:cf0a2e040fdf5a6d95f4c286c6ef1df6b36c218b528c8a9158ec2452a804b9b8",
                "sha256:cfd28aad6fc61f7a5d4ee556a997dc6e5555d9381d1390c00ecaf984d57e4232",
                "sha256:dca5660e25932771460d4688ccbb515677caaf8595f3f3240ec16c117deff89a",
                "sha256:de7aedc85918c2f887886442e50f52c1b93545606317956d65f342bd81cb4fc3",
                "sha256:e6c0bbf8e277b74196e3140c35f9a1ae3eafd818f7f2d3a15819c49135d6c062"
            ],
            "version": "==6.0.0"
        },
        "scipy": {
            "hashes": [
                "sha256:03b1e0775edbe6a4c64effb05fff2ce1429b76d29d754aa5ee2d848b60033351",
                "sha256:09d008237baabf52a5d4f5a6fcf9b3c03408f3f61a69c404472a16861a73917e",
                "sha256:10325f0ffac2400b1ec09537b7e403419dcd25d9fee602a44e8a32119af9079e",
                "sha256:1db9f964ed9c52dc5bd6127f0dd90ac89791daa690a5665cc01eae185912e1ba",
                "sha256:409846be9d6bdcbd78b9e5afe2f64b2da5a923dd7c1cd0615ce589489533fdbb",
                "sha256:4907040f62b91c2e170359c3d36c000af783f0fa1516a83d6c1517cde0af5340",
                "sha256:6c0543f2fdd38dee631fb023c0f31c284a532d205590b393d72009c14847f5b1",
                "sha256:826b9f5fbb7f908a13aa1efd4b7321e36992f5868d5d8311c7b40cf9b11ca0e7",
                "sha256:a7695a378c2ce402405ea37b12c7a338a8755e081869bd6b95858893ceb617ae",
                "sha256:a84c31e8409b420c3ca57fd30c7589378d6fdc8d155d866a7f8e6e80dec6fd06",
                "sha256:adadeeae5500de0da2b9e8dd478520d0a9945b577b2198f2462555e68f58e7ef",
                "sha256:b283a76a83fe463c9587a2c88003f800e08c3929dfbeba833b78260f9c209785",
                "sha256:c19a7389ab3cd712058a8c3c9ffd8d27a57f3d84b9c91a931f542682bb3d269d",
                "sha256:c3bb4bd2aca82fb498247deeac12265921fe231502a6bc6edea3ee7fe6c40a7a",
                "sha256:c5ea60ece0c0c1c849025bfc541b60a6751b491b6f11dd9ef37ab5b8c9041921",
                "sha256:db61a640ca20f237317d27bc658c1fc54c7581ff7f6502d112922dc285bdabee"
            ],
            "version": "==1.3.0"
        },
        "snowy": {
            "hashes": [
                "sha256:03f50e0dd4a0682eda2821be0694af4046908ec79e74bd2f950acd534ac6b3eb",
                "sha256:c0618ee580be5bb81379c42513eedcc6bcbb0ee9c6fe6981146b4533067ee549"
            ],
            "index": "pypi",
            "version": "==0.0.7"
        },
        "tqdm": {
            "hashes": [
                "sha256:0a860bf2683fdbb4812fe539a6c22ea3f1777843ea985cb8c3807db448a0f7ab",
                "sha256:e288416eecd4df19d12407d0c913cbf77aa8009d7fddb18f632aded3bdbdda6b"
            ],
            "index": "pypi",
            "version": "==4.32.1"
        }
    },
    "develop": {}
}
